<?xml version="1.0" encoding="utf-8"?>
<Project ToolsVersion="4.0" xmlns="http://schemas.microsoft.com/developer/msbuild/2003">
  <ItemGroup>
    <Filter Include="Source Files">
      <UniqueIdentifier>{4FC737F1-C7A5-4376-A066-2A32D752A2FF}</UniqueIdentifier>
      <Extensions>cpp;c;cc;cxx;c++;cppm;ixx;def;odl;idl;hpj;bat;asm;asmx</Extensions>
    </Filter>
    <Filter Include="Header Files">
      <UniqueIdentifier>{93995380-89BD-4b04-88EB-625FBE52EBFB}</UniqueIdentifier>
      <Extensions>h;hh;hpp;hxx;h++;hm;inl;inc;ipp;xsd</Extensions>
    </Filter>
    <Filter Include="Resource Files">
      <UniqueIdentifier>{67DA6AB6-F800-4c08-8B7A-83BB121AAD01}</UniqueIdentifier>
      <Extensions>rc;ico;cur;bmp;dlg;rc2;rct;bin;rgs;gif;jpg;jpeg;jpe;resx;tiff;tif;png;wav;mfcribbon-ms</Extensions>
    </Filter>
    <Filter Include="Source Files\States">
      <UniqueIdentifier>{b4a2d20e-85b9-4b1d-b230-8292c1a3d3d1}</UniqueIdentifier>
    </Filter>
    <Filter Include="Source Files\App">
      <UniqueIdentifier>{6f3582e8-3879-41d2-b201-990b1c96cbb2}</UniqueIdentifier>
    </Filter>
    <Filter Include="Source Files\World">
      <UniqueIdentifier>{883e4db1-0606-4a30-a0a9-6e5fa541cb47}</UniqueIdentifier>
    </Filter>
    <Filter Include="Source Files\Game">
      <UniqueIdentifier>{0cac9332-fabf-435f-8f3a-bba21c08dcc3}</UniqueIdentifier>
    </Filter>
  </ItemGroup>
  <ItemGroup>
    <ClCompile Include="..\Source\Camera.cpp">
      <Filter>Source Files</Filter>
    </ClCompile>
    <ClCompile Include="..\Source\EntityFactory.cpp">
      <Filter>Source Files</Filter>
    </ClCompile>
    <ClCompile Include="..\Source\ParticleSystem.cpp">
      <Filter>Source Files</Filter>
    </ClCompile>
    <ClCompile Include="..\Source\Starfield.cpp">
      <Filter>Source Files</Filter>
    </ClCompile>
    <ClCompile Include="..\Source\GameState.cpp">
      <Filter>Source Files\States</Filter>
    </ClCompile>
    <ClCompile Include="..\Source\IntroState.cpp">
      <Filter>Source Files\States</Filter>
    </ClCompile>
    <ClCompile Include="..\Source\MainMenuState.cpp">
      <Filter>Source Files\States</Filter>
    </ClCompile>
    <ClCompile Include="..\Source\App.cpp">
      <Filter>Source Files\App</Filter>
    </ClCompile>
    <ClCompile Include="..\Source\AppDef.cpp">
      <Filter>Source Files\App</Filter>
    </ClCompile>
    <ClCompile Include="..\Source\World.cpp">
      <Filter>Source Files\World</Filter>
    </ClCompile>
    <ClCompile Include="..\Source\WorldDef.cpp">
      <Filter>Source Files\World</Filter>
    </ClCompile>
    <ClCompile Include="..\Source\WorldDraw.cpp">
      <Filter>Source Files\World</Filter>
    </ClCompile>
    <ClCompile Include="..\Source\WorldQuery.cpp">
      <Filter>Source Files\World</Filter>
    </ClCompile>
    <ClCompile Include="..\Source\WorldUpdate.cpp">
      <Filter>Source Files\World</Filter>
    </ClCompile>
    <ClCompile Include="..\Source\Game.cpp">
      <Filter>Source Files\Game</Filter>
    </ClCompile>
    <ClCompile Include="..\Source\main.cpp">
      <Filter>Source Files\App</Filter>
    </ClCompile>
    <ClCompile Include="..\Source\pch.cpp">
      <Filter>Source Files\App</Filter>
    </ClCompile>
    <ClCompile Include="..\Source\Shop.cpp">
      <Filter>Source Files\Game</Filter>
    </ClCompile>
  </ItemGroup>
  <ItemGroup>
    <ClInclude Include="..\Source\Camera.h">
      <Filter>Source Files</Filter>
    </ClInclude>
    <ClInclude Include="..\Source\EntityFactory.h">
      <Filter>Source Files</Filter>
    </ClInclude>
    <ClInclude Include="..\Source\Exceptions.h">
      <Filter>Source Files</Filter>
    </ClInclude>
    <ClInclude Include="..\Source\ParticleSystem.h">
      <Filter>Source Files</Filter>
    </ClInclude>
    <ClInclude Include="..\Source\Starfield.h">
      <Filter>Source Files</Filter>
    </ClInclude>
    <ClInclude Include="..\Source\AppState.h">
      <Filter>Source Files\States</Filter>
    </ClInclude>
    <ClInclude Include="..\Source\GameState.h">
      <Filter>Source Files\States</Filter>
    </ClInclude>
    <ClInclude Include="..\Source\IntroState.h">
      <Filter>Source Files\States</Filter>
    </ClInclude>
    <ClInclude Include="..\Source\MainMenuState.h">
      <Filter>Source Files\States</Filter>
    </ClInclude>
    <ClInclude Include="..\Source\App.h">
      <Filter>Source Files\App</Filter>
    </ClInclude>
    <ClInclude Include="..\Source\AppDef.h">
      <Filter>Source Files\App</Filter>
    </ClInclude>
    <ClInclude Include="..\Source\World.h">
      <Filter>Source Files\World</Filter>
    </ClInclude>
    <ClInclude Include="..\Source\WorldDef.h">
      <Filter>Source Files\World</Filter>
    </ClInclude>
    <ClInclude Include="..\Source\Game.h">
      <Filter>Source Files\Game</Filter>
    </ClInclude>
    <ClInclude Include="..\Source\GameModels.h">
      <Filter>Source Files\Game</Filter>
    </ClInclude>
    <ClInclude Include="..\Source\pch.h">
      <Filter>Source Files\App</Filter>
    </ClInclude>
    <ClInclude Include="..\Source\b2_user_settings.h">
      <Filter>Header Files</Filter>
    </ClInclude>
    <ClInclude Include="..\Source\GameSettings.h">
      <Filter>Source Files\Game</Filter>
    </ClInclude>
    <ClInclude Include="..\Source\GameInput.h">
      <Filter>Source Files\Game</Filter>
    </ClInclude>
    <ClInclude Include="..\Source\StarfieldSettings.h">
      <Filter>Source Files\App</Filter>
    </ClInclude>
    <ClInclude Include="..\Source\CameraSettings.h">
      <Filter>Source Files\App</Filter>
    </ClInclude>
    <ClInclude Include="..\Source\GUISettings.h">
      <Filter>Source Files\States</Filter>
    </ClInclude>
    <ClInclude Include="..\Source\Shop.h">
      <Filter>Source Files\Game</Filter>
    </ClInclude>
    <ClInclude Include="..\Source\ShopSettings.h">
      <Filter>Source Files\Game</Filter>
    </ClInclude>
  </ItemGroup>
</Project>